// !$*UTF8*$!
{
	archiveVersion = 1;
	classes = {
	};
	objectVersion = 46;
	objects = {

/* Begin PBXBuildFile section */
		8C7EBA561A55E75700F95A51 /* AppDelegate.swift in Sources */ = {isa = PBXBuildFile; fileRef = 8C7EBA551A55E75700F95A51 /* AppDelegate.swift */; };
		8C7EBA581A55E75700F95A51 /* ViewController.swift in Sources */ = {isa = PBXBuildFile; fileRef = 8C7EBA571A55E75700F95A51 /* ViewController.swift */; };
		8C7EBA5B1A55E75700F95A51 /* Main.storyboard in Resources */ = {isa = PBXBuildFile; fileRef = 8C7EBA591A55E75700F95A51 /* Main.storyboard */; };
		8C7EBA5D1A55E75700F95A51 /* Images.xcassets in Resources */ = {isa = PBXBuildFile; fileRef = 8C7EBA5C1A55E75700F95A51 /* Images.xcassets */; };
		8C7EBA601A55E75700F95A51 /* LaunchScreen.xib in Resources */ = {isa = PBXBuildFile; fileRef = 8C7EBA5E1A55E75700F95A51 /* LaunchScreen.xib */; };
		8C7EBA6C1A55E75700F95A51 /* Memorable_PlacesTests.swift in Sources */ = {isa = PBXBuildFile; fileRef = 8C7EBA6B1A55E75700F95A51 /* Memorable_PlacesTests.swift */; };
		8C7EBA761A55E76B00F95A51 /* MapKit.framework in Frameworks */ = {isa = PBXBuildFile; fileRef = 8C7EBA751A55E76B00F95A51 /* MapKit.framework */; };
		8C7EBA781A55E77600F95A51 /* CoreLocation.framework in Frameworks */ = {isa = PBXBuildFile; fileRef = 8C7EBA771A55E77600F95A51 /* CoreLocation.framework */; };
		8C7EBA7A1A55EC4600F95A51 /* MyPlacesTableViewController.swift in Sources */ = {isa = PBXBuildFile; fileRef = 8C7EBA791A55EC4600F95A51 /* MyPlacesTableViewController.swift */; };
/* End PBXBuildFile section */

/* Begin PBXContainerItemProxy section */
		8C7EBA661A55E75700F95A51 /* PBXContainerItemProxy */ = {
			isa = PBXContainerItemProxy;
			containerPortal = 8C7EBA481A55E75700F95A51 /* Project object */;
			proxyType = 1;
			remoteGlobalIDString = 8C7EBA4F1A55E75700F95A51;
			remoteInfo = "Memorable Places";
		};
/* End PBXContainerItemProxy section */

/* Begin PBXFileReference section */
		8C7EBA501A55E75700F95A51 /* Memorable Places.app */ = {isa = PBXFileReference; explicitFileType = wrapper.application; includeInIndex = 0; path = "Memorable Places.app"; sourceTree = BUILT_PRODUCTS_DIR; };
		8C7EBA541A55E75700F95A51 /* Info.plist */ = {isa = PBXFileReference; lastKnownFileType = text.plist.xml; path = Info.plist; sourceTree = "<group>"; };
		8C7EBA551A55E75700F95A51 /* AppDelegate.swift */ = {isa = PBXFileReference; lastKnownFileType = sourcecode.swift; path = AppDelegate.swift; sourceTree = "<group>"; };
		8C7EBA571A55E75700F95A51 /* ViewController.swift */ = {isa = PBXFileReference; lastKnownFileType = sourcecode.swift; path = ViewController.swift; sourceTree = "<group>"; };
		8C7EBA5A1A55E75700F95A51 /* Base */ = {isa = PBXFileReference; lastKnownFileType = file.storyboard; name = Base; path = Base.lproj/Main.storyboard; sourceTree = "<group>"; };
		8C7EBA5C1A55E75700F95A51 /* Images.xcassets */ = {isa = PBXFileReference; lastKnownFileType = folder.assetcatalog; path = Images.xcassets; sourceTree = "<group>"; };
		8C7EBA5F1A55E75700F95A51 /* Base */ = {isa = PBXFileReference; lastKnownFileType = file.xib; name = Base; path = Base.lproj/LaunchScreen.xib; sourceTree = "<group>"; };
		8C7EBA651A55E75700F95A51 /* Memorable PlacesTests.xctest */ = {isa = PBXFileReference; explicitFileType = wrapper.cfbundle; includeInIndex = 0; path = "Memorable PlacesTests.xctest"; sourceTree = BUILT_PRODUCTS_DIR; };
		8C7EBA6A1A55E75700F95A51 /* Info.plist */ = {isa = PBXFileReference; lastKnownFileType = text.plist.xml; path = Info.plist; sourceTree = "<group>"; };
		8C7EBA6B1A55E75700F95A51 /* Memorable_PlacesTests.swift */ = {isa = PBXFileReference; lastKnownFileType = sourcecode.swift; path = Memorable_PlacesTests.swift; sourceTree = "<group>"; };
		8C7EBA751A55E76B00F95A51 /* MapKit.framework */ = {isa = PBXFileReference; lastKnownFileType = wrapper.framework; name = MapKit.framework; path = System/Library/Frameworks/MapKit.framework; sourceTree = SDKROOT; };
		8C7EBA771A55E77600F95A51 /* CoreLocation.framework */ = {isa = PBXFileReference; lastKnownFileType = wrapper.framework; name = CoreLocation.framework; path = System/Library/Frameworks/CoreLocation.framework; sourceTree = SDKROOT; };
		8C7EBA791A55EC4600F95A51 /* MyPlacesTableViewController.swift */ = {isa = PBXFileReference; fileEncoding = 4; lastKnownFileType = sourcecode.swift; path = MyPlacesTableViewController.swift; sourceTree = "<group>"; };
/* End PBXFileReference section */

/* Begin PBXFrameworksBuildPhase section */
		8C7EBA4D1A55E75700F95A51 /* Frameworks */ = {
			isa = PBXFrameworksBuildPhase;
			buildActionMask = 2147483647;
			files = (
				8C7EBA781A55E77600F95A51 /* CoreLocation.framework in Frameworks */,
				8C7EBA761A55E76B00F95A51 /* MapKit.framework in Frameworks */,
			);
			runOnlyForDeploymentPostprocessing = 0;
		};
		8C7EBA621A55E75700F95A51 /* Frameworks */ = {
			isa = PBXFrameworksBuildPhase;
			buildActionMask = 2147483647;
			files = (
			);
			runOnlyForDeploymentPostprocessing = 0;
		};
/* End PBXFrameworksBuildPhase section */

/* Begin PBXGroup section */
		8C7EBA471A55E75700F95A51 = {
			isa = PBXGroup;
			children = (
				8C7EBA771A55E77600F95A51 /* CoreLocation.framework */,
				8C7EBA751A55E76B00F95A51 /* MapKit.framework */,
				8C7EBA521A55E75700F95A51 /* Memorable Places */,
				8C7EBA681A55E75700F95A51 /* Memorable PlacesTests */,
				8C7EBA511A55E75700F95A51 /* Products */,
			);
			sourceTree = "<group>";
		};
		8C7EBA511A55E75700F95A51 /* Products */ = {
			isa = PBXGroup;
			children = (
				8C7EBA501A55E75700F95A51 /* Memorable Places.app */,
				8C7EBA651A55E75700F95A51 /* Memorable PlacesTests.xctest */,
			);
			name = Products;
			sourceTree = "<group>";
		};
		8C7EBA521A55E75700F95A51 /* Memorable Places */ = {
			isa = PBXGroup;
			children = (
				8C7EBA551A55E75700F95A51 /* AppDelegate.swift */,
				8C7EBA571A55E75700F95A51 /* ViewController.swift */,
				8C7EBA591A55E75700F95A51 /* Main.storyboard */,
				8C7EBA791A55EC4600F95A51 /* MyPlacesTableViewController.swift */,
				8C7EBA531A55E75700F95A51 /* Supporting Files */,
			);
			path = "Memorable Places";
			sourceTree = "<group>";
		};
		8C7EBA531A55E75700F95A51 /* Supporting Files */ = {
			isa = PBXGroup;
			children = (
				8C7EBA5C1A55E75700F95A51 /* Images.xcassets */,
				8C7EBA5E1A55E75700F95A51 /* LaunchScreen.xib */,
				8C7EBA541A55E75700F95A51 /* Info.plist */,
			);
			name = "Supporting Files";
			sourceTree = "<group>";
		};
		8C7EBA681A55E75700F95A51 /* Memorable PlacesTests */ = {
			isa = PBXGroup;
			children = (
				8C7EBA6B1A55E75700F95A51 /* Memorable_PlacesTests.swift */,
				8C7EBA691A55E75700F95A51 /* Supporting Files */,
			);
			path = "Memorable PlacesTests";
			sourceTree = "<group>";
		};
		8C7EBA691A55E75700F95A51 /* Supporting Files */ = {
			isa = PBXGroup;
			children = (
				8C7EBA6A1A55E75700F95A51 /* Info.plist */,
			);
			name = "Supporting Files";
			sourceTree = "<group>";
		};
/* End PBXGroup section */

/* Begin PBXNativeTarget section */
		8C7EBA4F1A55E75700F95A51 /* Memorable Places */ = {
			isa = PBXNativeTarget;
			buildConfigurationList = 8C7EBA6F1A55E75700F95A51 /* Build configuration list for PBXNativeTarget "Memorable Places" */;
			buildPhases = (
				8C7EBA4C1A55E75700F95A51 /* Sources */,
				8C7EBA4D1A55E75700F95A51 /* Frameworks */,
				8C7EBA4E1A55E75700F95A51 /* Resources */,
			);
			buildRules = (
			);
			dependencies = (
			);
			name = "Memorable Places";
			productName = "Memorable Places";
			productReference = 8C7EBA501A55E75700F95A51 /* Memorable Places.app */;
			productType = "com.apple.product-type.application";
		};
		8C7EBA641A55E75700F95A51 /* Memorable PlacesTests */ = {
			isa = PBXNativeTarget;
			buildConfigurationList = 8C7EBA721A55E75700F95A51 /* Build configuration list for PBXNativeTarget "Memorable PlacesTests" */;
			buildPhases = (
				8C7EBA611A55E75700F95A51 /* Sources */,
				8C7EBA621A55E75700F95A51 /* Frameworks */,
				8C7EBA631A55E75700F95A51 /* Resources */,
			);
			buildRules = (
			);
			dependencies = (
				8C7EBA671A55E75700F95A51 /* PBXTargetDependency */,
			);
			name = "Memorable PlacesTests";
			productName = "Memorable PlacesTests";
			productReference = 8C7EBA651A55E75700F95A51 /* Memorable PlacesTests.xctest */;
			productType = "com.apple.product-type.bundle.unit-test";
		};
/* End PBXNativeTarget section */

/* Begin PBXProject section */
		8C7EBA481A55E75700F95A51 /* Project object */ = {
			isa = PBXProject;
			attributes = {
				LastUpgradeCheck = 0610;
				ORGANIZATIONNAME = "Andrew Yu";
				TargetAttributes = {
					8C7EBA4F1A55E75700F95A51 = {
						CreatedOnToolsVersion = 6.1.1;
					};
					8C7EBA641A55E75700F95A51 = {
						CreatedOnToolsVersion = 6.1.1;
						TestTargetID = 8C7EBA4F1A55E75700F95A51;
					};
				};
			};
			buildConfigurationList = 8C7EBA4B1A55E75700F95A51 /* Build configuration list for PBXProject "Memorable Places" */;
			compatibilityVersion = "Xcode 3.2";
			developmentRegion = English;
			hasScannedForEncodings = 0;
			knownRegions = (
				en,
				Base,
			);
			mainGroup = 8C7EBA471A55E75700F95A51;
			productRefGroup = 8C7EBA511A55E75700F95A51 /* Products */;
			projectDirPath = "";
			projectRoot = "";
			targets = (
				8C7EBA4F1A55E75700F95A51 /* Memorable Places */,
				8C7EBA641A55E75700F95A51 /* Memorable PlacesTests */,
			);
		};
/* End PBXProject section */

/* Begin PBXResourcesBuildPhase section */
		8C7EBA4E1A55E75700F95A51 /* Resources */ = {
			isa = PBXResourcesBuildPhase;
			buildActionMask = 2147483647;
			files = (
				8C7EBA5B1A55E75700F95A51 /* Main.storyboard in Resources */,
				8C7EBA601A55E75700F95A51 /* LaunchScreen.xib in Resources */,
				8C7EBA5D1A55E75700F95A51 /* Images.xcassets in Resources */,
			);
			runOnlyForDeploymentPostprocessing = 0;
		};
		8C7EBA631A55E75700F95A51 /* Resources */ = {
			isa = PBXResourcesBuildPhase;
			buildActionMask = 2147483647;
			files = (
			);
			runOnlyForDeploymentPostprocessing = 0;
		};
/* End PBXResourcesBuildPhase section */

/* Begin PBXSourcesBuildPhase section */
		8C7EBA4C1A55E75700F95A51 /* Sources */ = {
			isa = PBXSourcesBuildPhase;
			buildActionMask = 2147483647;
			files = (
				8C7EBA581A55E75700F95A51 /* ViewController.swift in Sources */,
				8C7EBA7A1A55EC4600F95A51 /* MyPlacesTableViewController.swift in Sources */,
				8C7EBA561A55E75700F95A51 /* AppDelegate.swift in Sources */,
			);
			runOnlyForDeploymentPostprocessing = 0;
		};
		8C7EBA611A55E75700F95A51 /* Sources */ = {
			isa = PBXSourcesBuildPhase;
			buildActionMask = 2147483647;
			files = (
				8C7EBA6C1A55E75700F95A51 /* Memorable_PlacesTests.swift in Sources */,
			);
			runOnlyForDeploymentPostprocessing = 0;
		};
/* End PBXSourcesBuildPhase section */

/* Begin PBXTargetDependency section */
		8C7EBA671A55E75700F95A51 /* PBXTargetDependency */ = {
			isa = PBXTargetDependency;
			target = 8C7EBA4F1A55E75700F95A51 /* Memorable Places */;
			targetProxy = 8C7EBA661A55E75700F95A51 /* PBXContainerItemProxy */;
		};
/* End PBXTargetDependency section */

/* Begin PBXVariantGroup section */
		8C7EBA591A55E75700F95A51 /* Main.storyboard */ = {
			isa = PBXVariantGroup;
			children = (
				8C7EBA5A1A55E75700F95A51 /* Base */,
			);
			name = Main.storyboard;
			sourceTree = "<group>";
		};
		8C7EBA5E1A55E75700F95A51 /* LaunchScreen.xib */ = {
			isa = PBXVariantGroup;
			children = (
				8C7EBA5F1A55E75700F95A51 /* Base */,
			);
			name = LaunchScreen.xib;
			sourceTree = "<group>";
		};
/* End PBXVariantGroup section */

/* Begin XCBuildConfiguration section */
		8C7EBA6D1A55E75700F95A51 /* Debug */ = {
			isa = XCBuildConfiguration;
			buildSettings = {
				ALWAYS_SEARCH_USER_PATHS = NO;
				CLANG_CXX_LANGUAGE_STANDARD = "gnu++0x";
				CLANG_CXX_LIBRARY = "libc++";
				CLANG_ENABLE_MODULES = YES;
				CLANG_ENABLE_OBJC_ARC = YES;
				CLANG_WARN_BOOL_CONVERSION = YES;
				CLANG_WARN_CONSTANT_CONVERSION = YES;
				CLANG_WARN_DIRECT_OBJC_ISA_USAGE = YES_ERROR;
				CLANG_WARN_EMPTY_BODY = YES;
				CLANG_WARN_ENUM_CONVERSION = YES;
				CLANG_WARN_INT_CONVERSION = YES;
				CLANG_WARN_OBJC_ROOT_CLASS = YES_ERROR;
				CLANG_WARN_UNREACHABLE_CODE = YES;
				CLANG_WARN__DUPLICATE_METHOD_MATCH = YES;
				"CODE_SIGN_IDENTITY[sdk=iphoneos*]" = "iPhone Developer";
				COPY_PHASE_STRIP = NO;
				ENABLE_STRICT_OBJC_MSGSEND = YES;
				GCC_C_LANGUAGE_STANDARD = gnu99;
				GCC_DYNAMIC_NO_PIC = NO;
				GCC_OPTIMIZATION_LEVEL = 0;
				GCC_PREPROCESSOR_DEFINITIONS = (
					"DEBUG=1",
					"$(inherited)",
				);
				GCC_SYMBOLS_PRIVATE_EXTERN = NO;
				GCC_WARN_64_TO_32_BIT_CONVERSION = YES;
				GCC_WARN_ABOUT_RETURN_TYPE = YES_ERROR;
				GCC_WARN_UNDECLARED_SELECTOR = YES;
				GCC_WARN_UNINITIALIZED_AUTOS = YES_AGGRESSIVE;
				GCC_WARN_UNUSED_FUNCTION = YES;
				GCC_WARN_UNUSED_VARIABLE = YES;
				IPHONEOS_DEPLOYMENT_TARGET = 8.1;
				MTL_ENABLE_DEBUG_INFO = YES;
				ONLY_ACTIVE_ARCH = YES;
				SDKROOT = iphoneos;
				SWIFT_OPTIMIZATION_LEVEL = "-Onone";
			};
			name = Debug;
		};
		8C7EBA6E1A55E75700F95A51 /* Release */ = {
			isa = XCBuildConfiguration;
			buildSettings = {
				ALWAYS_SEARCH_USER_PATHS = NO;
				CLANG_CXX_LANGUAGE_STANDARD = "gnu++0x";
				CLANG_CXX_LIBRARY = "libc++";
				CLANG_ENABLE_MODULES = YES;
				CLANG_ENABLE_OBJC_ARC = YES;
				CLANG_WARN_BOOL_CONVERSION = YES;
				CLANG_WARN_CONSTANT_CONVERSION = YES;
				CLANG_WARN_DIRECT_OBJC_ISA_USAGE = YES_ERROR;
				CLANG_WARN_EMPTY_BODY = YES;
				CLANG_WARN_ENUM_CONVERSION = YES;
				CLANG_WARN_INT_CONVERSION = YES;
				CLANG_WARN_OBJC_ROOT_CLASS = YES_ERROR;
				CLANG_WARN_UNREACHABLE_CODE = YES;
				CLANG_WARN__DUPLICATE_METHOD_MATCH = YES;
				"CODE_SIGN_IDENTITY[sdk=iphoneos*]" = "iPhone Developer";
				COPY_PHASE_STRIP = YES;
				ENABLE_NS_ASSERTIONS = NO;
				ENABLE_STRICT_OBJC_MSGSEND = YES;
				GCC_C_LANGUAGE_STANDARD = gnu99;
				GCC_WARN_64_TO_32_BIT_CONVERSION = YES;
				GCC_WARN_ABOUT_RETURN_TYPE = YES_ERROR;
				GCC_WARN_UNDECLARED_SELECTOR = YES;
				GCC_WARN_UNINITIALIZED_AUTOS = YES_AGGRESSIVE;
				GCC_WARN_UNUSED_FUNCTION = YES;
				GCC_WARN_UNUSED_VARIABLE = YES;
				IPHONEOS_DEPLOYMENT_TARGET = 8.1;
				MTL_ENABLE_DEBUG_INFO = NO;
				SDKROOT = iphoneos;
				VALIDATE_PRODUCT = YES;
			};
			name = Release;
		};
		8C7EBA701A55E75700F95A51 /* Debug */ = {
			isa = XCBuildConfiguration;
			buildSettings = {
				ASSETCATALOG_COMPILER_APPICON_NAME = AppIcon;
				INFOPLIST_FILE = "Memorable Places/Info.plist";
				LD_RUNPATH_SEARCH_PATHS = "$(inherited) @executable_path/Frameworks";
				PRODUCT_NAME = "$(TARGET_NAME)";
			};
			name = Debug;
		};
		8C7EBA711A55E75700F95A51 /* Release */ = {
			isa = XCBuildConfiguration;
			buildSettings = {
				ASSETCATALOG_COMPILER_APPICON_NAME = AppIcon;
				INFOPLIST_FILE = "Memorable Places/Info.plist";
				LD_RUNPATH_SEARCH_PATHS = "$(inherited) @executable_path/Frameworks";
				PRODUCT_NAME = "$(TARGET_NAME)";
			};
			name = Release;
		};
		8C7EBA731A55E75700F95A51 /* Debug */ = {
			isa = XCBuildConfiguration;
			buildSettings = {
				BUNDLE_LOADER = "$(TEST_HOST)";
				FRAMEWORK_SEARCH_PATHS = (
					"$(SDKROOT)/Developer/Library/Frameworks",
					"$(inherited)",
				);
				GCC_PREPROCESSOR_DEFINITIONS = (
					"DEBUG=1",
					"$(inherited)",
				);
				INFOPLIST_FILE = "Memorable PlacesTests/Info.plist";
				LD_RUNPATH_SEARCH_PATHS = "$(inherited) @executable_path/Frameworks @loader_path/Frameworks";
				PRODUCT_NAME = "$(TARGET_NAME)";
				TEST_HOST = "$(BUILT_PRODUCTS_DIR)/Memorable Places.app/Memorable Places";
			};
			name = Debug;
		};
		8C7EBA741A55E75700F95A51 /* Release */ = {
			isa = XCBuildConfiguration;
			buildSettings = {
				BUNDLE_LOADER = "$(TEST_HOST)";
				FRAMEWORK_SEARCH_PATHS = (
					"$(SDKROOT)/Developer/Library/Frameworks",
					"$(inherited)",
				);
				INFOPLIST_FILE = "Memorable PlacesTests/Info.plist";
				LD_RUNPATH_SEARCH_PATHS = "$(inherited) @executable_path/Frameworks @loader_path/Frameworks";
				PRODUCT_NAME = "$(TARGET_NAME)";
				TEST_HOST = "$(BUILT_PRODUCTS_DIR)/Memorable Places.app/Memorable Places";
			};
			name = Release;
		};
/* End XCBuildConfiguration section */

/* Begin XCConfigurationList section */
		8C7EBA4B1A55E75700F95A51 /* Build configuration list for PBXProject "Memorable Places" */ = {
			isa = XCConfigurationList;
			buildConfigurations = (
				8C7EBA6D1A55E75700F95A51 /* Debug */,
				8C7EBA6E1A55E75700F95A51 /* Release */,
			);
			defaultConfigurationIsVisible = 0;
			defaultConfigurationName = Release;
		};
		8C7EBA6F1A55E75700F95A51 /* Build configuration list for PBXNativeTarget "Memorable Places" */ = {
			isa = XCConfigurationList;
			buildConfigurations = (
				8C7EBA701A55E75700F95A51 /* Debug */,
				8C7EBA711A55E75700F95A51 /* Release */,
			);
			defaultConfigurationIsVisible = 0;
		};
		8C7EBA721A55E75700F95A51 /* Build configuration list for PBXNativeTarget "Memorable PlacesTests" */ = {
			isa = XCConfigurationList;
			buildConfigurations = (
				8C7EBA731A55E75700F95A51 /* Debug */,
				8C7EBA741A55E75700F95A51 /* Release */,
			);
			defaultConfigurationIsVisible = 0;
		};
/* End XCConfigurationList section */
	};
	rootObject = 8C7EBA481A55E75700F95A51 /* Project object */;
}
